
Microsoft Visual Studio Solution File, Format Version 12.00
# Visual Studio 15
VisualStudioVersion = 15.0.27703.2035
MinimumVisualStudioVersion = 10.0.40219.1
Project("{FAE04EC0-301F-11D3-BF4B-00C04F79EFBC}") = "LogApi", "LogApi\LogApi.csproj", "{650A05C7-4749-4DFA-B439-9E0BED7591F3}"
EndProject
Global
	GlobalSection(SolutionConfigurationPlatforms) = preSolution
		Debug|Any CPU = Debug|Any CPU
		Release|Any CPU = Release|Any CPU
	EndGlobalSection
	GlobalSection(ProjectConfigurationPlatforms) = postSolution
		{650A05C7-4749-4DFA-B439-9E0BED7591F3}.Debug|Any CPU.ActiveCfg = Debug|Any CPU
		{650A05C7-4749-4DFA-B439-9E0BED7591F3}.Debug|Any CPU.Build.0 = Debug|Any CPU
		{650A05C7-4749-4DFA-B439-9E0BED7591F3}.Release|Any CPU.ActiveCfg = Release|Any CPU
		{650A05C7-4749-4DFA-B439-9E0BED7591F3}.Release|Any CPU.Build.0 = Release|Any CPU
	EndGlobalSection
	GlobalSection(SolutionProperties) = preSolution
		HideSolutionNode = FALSE
	EndGlobalSection
	GlobalSection(ExtensibilityGlobals) = postSolution
		SolutionGuid = {A1D86089-906C-4D70-A020-34285543ACEA}
	EndGlobalSection
EndGlobal
